
Microsoft Visual Studio Solution File, Format Version 12.00
# Visual Studio 15
VisualStudioVersion = 15.0.28307.136
MinimumVisualStudioVersion = 10.0.40219.1
Project("{FAE04EC0-301F-11D3-BF4B-00C04F79EFBC}") = "КМ-3.5", "КМ-3.5\КМ-3.5.csproj", "{0A2718D2-450A-46D4-872F-F9957A50AB6F}"
EndProject
Project("{FAE04EC0-301F-11D3-BF4B-00C04F79EFBC}") = "BubbleSortLibrary", "BubbleSortLibrary\BubbleSortLibrary.csproj", "{FBC0F8DC-08D4-43CF-974F-3F8F04C4629F}"
EndProject
Project("{FAE04EC0-301F-11D3-BF4B-00C04F79EFBC}") = "BubbleSortLibraryTests", "BubbleSortLibraryTests\BubbleSortLibraryTests.csproj", "{FDFDC9A4-21F9-47C4-8C3E-671ED20B77BC}"
EndProject
Global
	GlobalSection(SolutionConfigurationPlatforms) = preSolution
		Debug|Any CPU = Debug|Any CPU
		Release|Any CPU = Release|Any CPU
	EndGlobalSection
	GlobalSection(ProjectConfigurationPlatforms) = postSolution
		{0A2718D2-450A-46D4-872F-F9957A50AB6F}.Debug|Any CPU.ActiveCfg = Debug|Any CPU
		{0A2718D2-450A-46D4-872F-F9957A50AB6F}.Debug|Any CPU.Build.0 = Debug|Any CPU
		{0A2718D2-450A-46D4-872F-F9957A50AB6F}.Release|Any CPU.ActiveCfg = Release|Any CPU
		{0A2718D2-450A-46D4-872F-F9957A50AB6F}.Release|Any CPU.Build.0 = Release|Any CPU
		{FBC0F8DC-08D4-43CF-974F-3F8F04C4629F}.Debug|Any CPU.ActiveCfg = Debug|Any CPU
		{FBC0F8DC-08D4-43CF-974F-3F8F04C4629F}.Debug|Any CPU.Build.0 = Debug|Any CPU
		{FBC0F8DC-08D4-43CF-974F-3F8F04C4629F}.Release|Any CPU.ActiveCfg = Release|Any CPU
		{FBC0F8DC-08D4-43CF-974F-3F8F04C4629F}.Release|Any CPU.Build.0 = Release|Any CPU
		{FDFDC9A4-21F9-47C4-8C3E-671ED20B77BC}.Debug|Any CPU.ActiveCfg = Debug|Any CPU
		{FDFDC9A4-21F9-47C4-8C3E-671ED20B77BC}.Debug|Any CPU.Build.0 = Debug|Any CPU
		{FDFDC9A4-21F9-47C4-8C3E-671ED20B77BC}.Release|Any CPU.ActiveCfg = Release|Any CPU
		{FDFDC9A4-21F9-47C4-8C3E-671ED20B77BC}.Release|Any CPU.Build.0 = Release|Any CPU
	EndGlobalSection
	GlobalSection(SolutionProperties) = preSolution
		HideSolutionNode = FALSE
	EndGlobalSection
	GlobalSection(ExtensibilityGlobals) = postSolution
		SolutionGuid = {A49F83A4-D53D-4851-8B87-FDDB2E4BAC3C}
	EndGlobalSection
EndGlobal
